
Microsoft Visual Studio Solution File, Format Version 12.00
# Visual Studio Version 17
VisualStudioVersion = 17.6.33815.320
MinimumVisualStudioVersion = 10.0.40219.1
Project("{8BC9CEB8-8B4A-11D0-8D11-00A0C91BC942}") = "BOJ_25206", "BOJ_25206.vcxproj", "{877222E5-C0BE-4D31-ADA1-5705005E29C1}"
EndProject
Global
	GlobalSection(SolutionConfigurationPlatforms) = preSolution
		Debug|x64 = Debug|x64
		Release|x64 = Release|x64
	EndGlobalSection
	GlobalSection(ProjectConfigurationPlatforms) = postSolution
		{877222E5-C0BE-4D31-ADA1-5705005E29C1}.Debug|x64.ActiveCfg = Debug|x64
		{877222E5-C0BE-4D31-ADA1-5705005E29C1}.Debug|x64.Build.0 = Debug|x64
		{877222E5-C0BE-4D31-ADA1-5705005E29C1}.Release|x64.ActiveCfg = Release|x64
		{877222E5-C0BE-4D31-ADA1-5705005E29C1}.Release|x64.Build.0 = Release|x64
	EndGlobalSection
	GlobalSection(SolutionProperties) = preSolution
		HideSolutionNode = FALSE
	EndGlobalSection
	GlobalSection(ExtensibilityGlobals) = postSolution
		SolutionGuid = {B17AFFA4-386A-4FD9-B49D-19525D2012EE}
	EndGlobalSection
EndGlobal
